
Microsoft Visual Studio Solution File, Format Version 12.00
# Visual Studio Version 17
VisualStudioVersion = 17.6.33829.357
MinimumVisualStudioVersion = 10.0.40219.1
Project("{9A19103F-16F7-4668-BE54-9A1E7A4F7556}") = "aspnetcore-razor-htmx-chartjs", "aspnetcore-razor-htmx-chartjs\aspnetcore-razor-htmx-chartjs.csproj", "{6E840B4C-28EE-42F0-A1F1-DE2E4D8AFB12}"
EndProject
Global
	GlobalSection(SolutionConfigurationPlatforms) = preSolution
		Debug|Any CPU = Debug|Any CPU
		Release|Any CPU = Release|Any CPU
	EndGlobalSection
	GlobalSection(ProjectConfigurationPlatforms) = postSolution
		{6E840B4C-28EE-42F0-A1F1-DE2E4D8AFB12}.Debug|Any CPU.ActiveCfg = Debug|Any CPU
		{6E840B4C-28EE-42F0-A1F1-DE2E4D8AFB12}.Debug|Any CPU.Build.0 = Debug|Any CPU
		{6E840B4C-28EE-42F0-A1F1-DE2E4D8AFB12}.Release|Any CPU.ActiveCfg = Release|Any CPU
		{6E840B4C-28EE-42F0-A1F1-DE2E4D8AFB12}.Release|Any CPU.Build.0 = Release|Any CPU
	EndGlobalSection
	GlobalSection(SolutionProperties) = preSolution
		HideSolutionNode = FALSE
	EndGlobalSection
	GlobalSection(ExtensibilityGlobals) = postSolution
		SolutionGuid = {D64D5A7F-6C16-4F61-8ADE-C75420930369}
	EndGlobalSection
EndGlobal
